
Microsoft Visual Studio Solution File, Format Version 12.00
# Visual Studio Version 17
VisualStudioVersion = 17.6.33829.357
MinimumVisualStudioVersion = 10.0.40219.1
Project("{FAE04EC0-301F-11D3-BF4B-00C04F79EFBC}") = "SuperGroupAPI", "SuperGroupAPI.csproj", "{03BA9A37-0395-405D-A45C-0FD1E479AD90}"
EndProject
Global
	GlobalSection(SolutionConfigurationPlatforms) = preSolution
		Debug|Any CPU = Debug|Any CPU
		Release|Any CPU = Release|Any CPU
	EndGlobalSection
	GlobalSection(ProjectConfigurationPlatforms) = postSolution
		{03BA9A37-0395-405D-A45C-0FD1E479AD90}.Debug|Any CPU.ActiveCfg = Debug|Any CPU
		{03BA9A37-0395-405D-A45C-0FD1E479AD90}.Debug|Any CPU.Build.0 = Debug|Any CPU
		{03BA9A37-0395-405D-A45C-0FD1E479AD90}.Release|Any CPU.ActiveCfg = Release|Any CPU
		{03BA9A37-0395-405D-A45C-0FD1E479AD90}.Release|Any CPU.Build.0 = Release|Any CPU
	EndGlobalSection
	GlobalSection(SolutionProperties) = preSolution
		HideSolutionNode = FALSE
	EndGlobalSection
	GlobalSection(ExtensibilityGlobals) = postSolution
		SolutionGuid = {2EB535F8-7CD4-4231-A807-BFDD6024635C}
	EndGlobalSection
EndGlobal
